
Microsoft Visual Studio Solution File, Format Version 12.00
# Visual Studio Version 16
VisualStudioVersion = 16.0.30114.105
MinimumVisualStudioVersion = 10.0.40219.1
Project("{9A19103F-16F7-4668-BE54-9A1E7A4F7556}") = "EmailSend", "WindowsFormsApp1\EmailSend.csproj", "{D5798599-B008-46C3-BB6F-0EE8C6B5C8A0}"
EndProject
Global
	GlobalSection(SolutionConfigurationPlatforms) = preSolution
		Debug|Any CPU = Debug|Any CPU
		Release|Any CPU = Release|Any CPU
	EndGlobalSection
	GlobalSection(ProjectConfigurationPlatforms) = postSolution
		{D5798599-B008-46C3-BB6F-0EE8C6B5C8A0}.Debug|Any CPU.ActiveCfg = Debug|Any CPU
		{D5798599-B008-46C3-BB6F-0EE8C6B5C8A0}.Debug|Any CPU.Build.0 = Debug|Any CPU
		{D5798599-B008-46C3-BB6F-0EE8C6B5C8A0}.Release|Any CPU.ActiveCfg = Release|Any CPU
		{D5798599-B008-46C3-BB6F-0EE8C6B5C8A0}.Release|Any CPU.Build.0 = Release|Any CPU
	EndGlobalSection
	GlobalSection(SolutionProperties) = preSolution
		HideSolutionNode = FALSE
	EndGlobalSection
	GlobalSection(ExtensibilityGlobals) = postSolution
		SolutionGuid = {0BDAB323-5C70-47C1-81A3-F3D7774CCDE8}
	EndGlobalSection
EndGlobal
